# This file is automatically @generated by Poetry 1.6.1 and should not be changed by hand.

[[package]]
name = "markdown2"
version = "2.4.13"
description = "A fast and complete Python implementation of Markdown"
optional = false
python-versions = ">=3.5, <4"
files = [
    {file = "markdown2-2.4.13-py2.py3-none-any.whl", hash = "sha256:855bde5cbcceb9beda7c80efdf7f406c23e6079172c497fcfce22fdce998e892"},
    {file = "markdown2-2.4.13.tar.gz", hash = "sha256:18ceb56590da77f2c22382e55be48c15b3c8f0c71d6398def387275e6c347a9f"},
]

[package.extras]
all = ["pygments (>=2.7.3)", "wavedrom"]
code-syntax-highlighting = ["pygments (>=2.7.3)"]
wavedrom = ["wavedrom"]

[[package]]
name = "pdfkit"
version = "1.0.0"
description = "Wkhtmltopdf python wrapper to convert html to pdf using the webkit rendering engine and qt"
optional = false
python-versions = "*"
files = [
    {file = "pdfkit-1.0.0-py2-none-any.whl", hash = "sha256:cc122e5aed594198ff7aaa566f2950d2163763576ab891c161bb1f6c630f5a8e"},
    {file = "pdfkit-1.0.0-py3-none-any.whl", hash = "sha256:a7a4ca0d978e44fa8310c4909f087052430a6e8e0b1dd7ceef657f139789f96f"},
    {file = "pdfkit-1.0.0.tar.gz", hash = "sha256:992f821e1e18fc8a0e701ecae24b51a2d598296a180caee0a24c0af181da02a9"},
]

[metadata]
lock-version = "2.0"
python-versions = "^3.9"
content-hash = "0e960676a229ea574c7db73988211355a27302eaa5d02e707035a358b272d80d"
